
Microsoft Visual Studio Solution File, Format Version 12.00
Project("{FAE04EC0-301F-11D3-BF4B-00C04F79EFBC}") = "MovieStar", "MovieStar\MovieStar.csproj", "{D1914363-77DC-4809-9490-C7615FDEF088}"
EndProject
Project("{FAE04EC0-301F-11D3-BF4B-00C04F79EFBC}") = "NetSalary", "NetSalary\NetSalary.csproj", "{5445D55C-C17F-40E6-9F40-77E6B8CE985D}"
EndProject
Global
	GlobalSection(SolutionConfigurationPlatforms) = preSolution
		Debug|Any CPU = Debug|Any CPU
		Release|Any CPU = Release|Any CPU
	EndGlobalSection
	GlobalSection(ProjectConfigurationPlatforms) = postSolution
		{D1914363-77DC-4809-9490-C7615FDEF088}.Debug|Any CPU.ActiveCfg = Debug|Any CPU
		{D1914363-77DC-4809-9490-C7615FDEF088}.Debug|Any CPU.Build.0 = Debug|Any CPU
		{D1914363-77DC-4809-9490-C7615FDEF088}.Release|Any CPU.ActiveCfg = Release|Any CPU
		{D1914363-77DC-4809-9490-C7615FDEF088}.Release|Any CPU.Build.0 = Release|Any CPU
		{5445D55C-C17F-40E6-9F40-77E6B8CE985D}.Debug|Any CPU.ActiveCfg = Debug|Any CPU
		{5445D55C-C17F-40E6-9F40-77E6B8CE985D}.Debug|Any CPU.Build.0 = Debug|Any CPU
		{5445D55C-C17F-40E6-9F40-77E6B8CE985D}.Release|Any CPU.ActiveCfg = Release|Any CPU
		{5445D55C-C17F-40E6-9F40-77E6B8CE985D}.Release|Any CPU.Build.0 = Release|Any CPU
	EndGlobalSection
EndGlobal
